
Microsoft Visual Studio Solution File, Format Version 12.00
# Visual Studio 14
VisualStudioVersion = 14.0.25123.0
MinimumVisualStudioVersion = 10.0.40219.1
Project("{A8CDCAEF-4E20-490B-A2BB-2BB9249A219E}") = "Sitecore.Support.476369", "Sitecore.Support.476369\Sitecore.Support.476369.csproj", "{0D8E40FA-3F67-479E-A13B-AAB305F71443}"
EndProject
Global
	GlobalSection(SolutionConfigurationPlatforms) = preSolution
		Debug|Any CPU = Debug|Any CPU
		Release|Any CPU = Release|Any CPU
	EndGlobalSection
	GlobalSection(ProjectConfigurationPlatforms) = postSolution
		{0D8E40FA-3F67-479E-A13B-AAB305F71443}.Debug|Any CPU.ActiveCfg = Debug|Any CPU
		{0D8E40FA-3F67-479E-A13B-AAB305F71443}.Debug|Any CPU.Build.0 = Debug|Any CPU
		{0D8E40FA-3F67-479E-A13B-AAB305F71443}.Release|Any CPU.ActiveCfg = Release|Any CPU
		{0D8E40FA-3F67-479E-A13B-AAB305F71443}.Release|Any CPU.Build.0 = Release|Any CPU
	EndGlobalSection
	GlobalSection(SolutionProperties) = preSolution
		HideSolutionNode = FALSE
	EndGlobalSection
EndGlobal
